
Microsoft Visual Studio Solution File, Format Version 12.00
# Visual Studio 2012
Project("{FAE04EC0-301F-11D3-BF4B-00C04F79EFBC}") = "Netduino", "EventPipe-Client-Netduino\Netduino.csproj", "{5CFDA0FD-9153-4D23-8947-FF968F1F9F87}"
EndProject
Project("{FAE04EC0-301F-11D3-BF4B-00C04F79EFBC}") = "Data", "EventPipe-Common-Data\Data.csproj", "{C2CEE3E5-070C-492A-884D-DF3D157DEC9E}"
EndProject
Project("{2150E333-8FDC-42A3-9474-1A3956D46DE8}") = "Client", "Client", "{0624ECDF-14A7-4E09-A89B-4D6C33B55657}"
EndProject
Project("{2150E333-8FDC-42A3-9474-1A3956D46DE8}") = "Common", "Common", "{0F183177-2262-49DE-84A8-789D0352B550}"
EndProject
Project("{2150E333-8FDC-42A3-9474-1A3956D46DE8}") = "Server", "Server", "{2A207915-CE36-45EB-809B-05E25BDF4281}"
EndProject
Project("{FAE04EC0-301F-11D3-BF4B-00C04F79EFBC}") = "TrayApp", "EventPipe-Server-TrayApp\TrayApp.csproj", "{16CC9482-411F-4344-9A34-32015DD2473E}"
EndProject
Project("{FAE04EC0-301F-11D3-BF4B-00C04F79EFBC}") = "Lync", "EventPipe-Server-Lync\Lync.csproj", "{D315D451-2A94-4ED7-9480-3D9663D19B7B}"
EndProject
Project("{FAE04EC0-301F-11D3-BF4B-00C04F79EFBC}") = "Server", "EventPipe-Server\Server.csproj", "{1B7DCEEA-7391-47C3-86B6-A5B846D195F6}"
	ProjectSection(ProjectDependencies) = postProject
		{D315D451-2A94-4ED7-9480-3D9663D19B7B} = {D315D451-2A94-4ED7-9480-3D9663D19B7B}
		{DC0B4377-C79A-49FF-9EE1-03179F4E8E40} = {DC0B4377-C79A-49FF-9EE1-03179F4E8E40}
	EndProjectSection
EndProject
Project("{FAE04EC0-301F-11D3-BF4B-00C04F79EFBC}") = "SerialPort", "EventPipe-Server-SerialPort\SerialPort.csproj", "{DC0B4377-C79A-49FF-9EE1-03179F4E8E40}"
EndProject
Project("{FAE04EC0-301F-11D3-BF4B-00C04F79EFBC}") = "Common", "EventPipe-Common\Common.csproj", "{1B2C546A-6766-4805-A52C-4FDBCB9DFEFE}"
EndProject
Project("{2150E333-8FDC-42A3-9474-1A3956D46DE8}") = "Solution Items", "Solution Items", "{182EDC53-9C6D-461E-83A9-39A0AF646B6E}"
	ProjectSection(SolutionItems) = preProject
		..\README.md = ..\README.md
	EndProjectSection
EndProject
Project("{2150E333-8FDC-42A3-9474-1A3956D46DE8}") = "Sever Plugins", "Sever Plugins", "{5B46606A-8BC7-472F-9EB6-8C6045EC7729}"
EndProject
Project("{FAE04EC0-301F-11D3-BF4B-00C04F79EFBC}") = "RssFeed", "EventPipe-Server-RssFeed\RssFeed.csproj", "{1F10563E-9802-40C3-A740-00B80479BD8E}"
EndProject
Project("{FAE04EC0-301F-11D3-BF4B-00C04F79EFBC}") = "TfsClient", "EventPipe-Server-TfsClient\TfsClient.csproj", "{B9FE2028-5BB4-4FED-9D5F-724E5C79D041}"
EndProject
Project("{FAE04EC0-301F-11D3-BF4B-00C04F79EFBC}") = "CodeFlow", "EventPipe-Server-CodeFlow\CodeFlow.csproj", "{2AC2F5A4-599E-4754-8D8D-128431D98BF7}"
EndProject
Global
	GlobalSection(SolutionConfigurationPlatforms) = preSolution
		Debug|Any CPU = Debug|Any CPU
		Debug|Mixed Platforms = Debug|Mixed Platforms
		Debug|x86 = Debug|x86
		Release|Any CPU = Release|Any CPU
		Release|Mixed Platforms = Release|Mixed Platforms
		Release|x86 = Release|x86
	EndGlobalSection
	GlobalSection(ProjectConfigurationPlatforms) = postSolution
		{5CFDA0FD-9153-4D23-8947-FF968F1F9F87}.Debug|Any CPU.ActiveCfg = Debug|Any CPU
		{5CFDA0FD-9153-4D23-8947-FF968F1F9F87}.Debug|Any CPU.Build.0 = Debug|Any CPU
		{5CFDA0FD-9153-4D23-8947-FF968F1F9F87}.Debug|Any CPU.Deploy.0 = Debug|Any CPU
		{5CFDA0FD-9153-4D23-8947-FF968F1F9F87}.Debug|Mixed Platforms.ActiveCfg = Debug|Any CPU
		{5CFDA0FD-9153-4D23-8947-FF968F1F9F87}.Debug|Mixed Platforms.Build.0 = Debug|Any CPU
		{5CFDA0FD-9153-4D23-8947-FF968F1F9F87}.Debug|x86.ActiveCfg = Debug|Any CPU
		{5CFDA0FD-9153-4D23-8947-FF968F1F9F87}.Release|Any CPU.ActiveCfg = Release|Any CPU
		{5CFDA0FD-9153-4D23-8947-FF968F1F9F87}.Release|Any CPU.Build.0 = Release|Any CPU
		{5CFDA0FD-9153-4D23-8947-FF968F1F9F87}.Release|Any CPU.Deploy.0 = Release|Any CPU
		{5CFDA0FD-9153-4D23-8947-FF968F1F9F87}.Release|Mixed Platforms.ActiveCfg = Release|Any CPU
		{5CFDA0FD-9153-4D23-8947-FF968F1F9F87}.Release|Mixed Platforms.Build.0 = Release|Any CPU
		{5CFDA0FD-9153-4D23-8947-FF968F1F9F87}.Release|Mixed Platforms.Deploy.0 = Release|Any CPU
		{5CFDA0FD-9153-4D23-8947-FF968F1F9F87}.Release|x86.ActiveCfg = Release|Any CPU
		{C2CEE3E5-070C-492A-884D-DF3D157DEC9E}.Debug|Any CPU.ActiveCfg = Debug|Any CPU
		{C2CEE3E5-070C-492A-884D-DF3D157DEC9E}.Debug|Any CPU.Build.0 = Debug|Any CPU
		{C2CEE3E5-070C-492A-884D-DF3D157DEC9E}.Debug|Mixed Platforms.ActiveCfg = Debug|Any CPU
		{C2CEE3E5-070C-492A-884D-DF3D157DEC9E}.Debug|Mixed Platforms.Build.0 = Debug|Any CPU
		{C2CEE3E5-070C-492A-884D-DF3D157DEC9E}.Debug|x86.ActiveCfg = Debug|Any CPU
		{C2CEE3E5-070C-492A-884D-DF3D157DEC9E}.Release|Any CPU.ActiveCfg = Release|Any CPU
		{C2CEE3E5-070C-492A-884D-DF3D157DEC9E}.Release|Any CPU.Build.0 = Release|Any CPU
		{C2CEE3E5-070C-492A-884D-DF3D157DEC9E}.Release|Mixed Platforms.ActiveCfg = Release|Any CPU
		{C2CEE3E5-070C-492A-884D-DF3D157DEC9E}.Release|Mixed Platforms.Build.0 = Release|Any CPU
		{C2CEE3E5-070C-492A-884D-DF3D157DEC9E}.Release|x86.ActiveCfg = Release|Any CPU
		{16CC9482-411F-4344-9A34-32015DD2473E}.Debug|Any CPU.ActiveCfg = Debug|x86
		{16CC9482-411F-4344-9A34-32015DD2473E}.Debug|Mixed Platforms.ActiveCfg = Debug|x86
		{16CC9482-411F-4344-9A34-32015DD2473E}.Debug|Mixed Platforms.Build.0 = Debug|x86
		{16CC9482-411F-4344-9A34-32015DD2473E}.Debug|x86.ActiveCfg = Debug|x86
		{16CC9482-411F-4344-9A34-32015DD2473E}.Debug|x86.Build.0 = Debug|x86
		{16CC9482-411F-4344-9A34-32015DD2473E}.Release|Any CPU.ActiveCfg = Release|x86
		{16CC9482-411F-4344-9A34-32015DD2473E}.Release|Mixed Platforms.ActiveCfg = Release|x86
		{16CC9482-411F-4344-9A34-32015DD2473E}.Release|Mixed Platforms.Build.0 = Release|x86
		{16CC9482-411F-4344-9A34-32015DD2473E}.Release|x86.ActiveCfg = Release|x86
		{16CC9482-411F-4344-9A34-32015DD2473E}.Release|x86.Build.0 = Release|x86
		{D315D451-2A94-4ED7-9480-3D9663D19B7B}.Debug|Any CPU.ActiveCfg = Debug|Any CPU
		{D315D451-2A94-4ED7-9480-3D9663D19B7B}.Debug|Any CPU.Build.0 = Debug|Any CPU
		{D315D451-2A94-4ED7-9480-3D9663D19B7B}.Debug|Mixed Platforms.ActiveCfg = Debug|Any CPU
		{D315D451-2A94-4ED7-9480-3D9663D19B7B}.Debug|Mixed Platforms.Build.0 = Debug|Any CPU
		{D315D451-2A94-4ED7-9480-3D9663D19B7B}.Debug|x86.ActiveCfg = Debug|Any CPU
		{D315D451-2A94-4ED7-9480-3D9663D19B7B}.Release|Any CPU.ActiveCfg = Release|Any CPU
		{D315D451-2A94-4ED7-9480-3D9663D19B7B}.Release|Any CPU.Build.0 = Release|Any CPU
		{D315D451-2A94-4ED7-9480-3D9663D19B7B}.Release|Mixed Platforms.ActiveCfg = Release|Any CPU
		{D315D451-2A94-4ED7-9480-3D9663D19B7B}.Release|Mixed Platforms.Build.0 = Release|Any CPU
		{D315D451-2A94-4ED7-9480-3D9663D19B7B}.Release|x86.ActiveCfg = Release|Any CPU
		{1B7DCEEA-7391-47C3-86B6-A5B846D195F6}.Debug|Any CPU.ActiveCfg = Debug|Any CPU
		{1B7DCEEA-7391-47C3-86B6-A5B846D195F6}.Debug|Any CPU.Build.0 = Debug|Any CPU
		{1B7DCEEA-7391-47C3-86B6-A5B846D195F6}.Debug|Mixed Platforms.ActiveCfg = Debug|Any CPU
		{1B7DCEEA-7391-47C3-86B6-A5B846D195F6}.Debug|Mixed Platforms.Build.0 = Debug|Any CPU
		{1B7DCEEA-7391-47C3-86B6-A5B846D195F6}.Debug|x86.ActiveCfg = Debug|Any CPU
		{1B7DCEEA-7391-47C3-86B6-A5B846D195F6}.Release|Any CPU.ActiveCfg = Release|Any CPU
		{1B7DCEEA-7391-47C3-86B6-A5B846D195F6}.Release|Any CPU.Build.0 = Release|Any CPU
		{1B7DCEEA-7391-47C3-86B6-A5B846D195F6}.Release|Mixed Platforms.ActiveCfg = Release|Any CPU
		{1B7DCEEA-7391-47C3-86B6-A5B846D195F6}.Release|Mixed Platforms.Build.0 = Release|Any CPU
		{1B7DCEEA-7391-47C3-86B6-A5B846D195F6}.Release|x86.ActiveCfg = Release|Any CPU
		{DC0B4377-C79A-49FF-9EE1-03179F4E8E40}.Debug|Any CPU.ActiveCfg = Debug|Any CPU
		{DC0B4377-C79A-49FF-9EE1-03179F4E8E40}.Debug|Any CPU.Build.0 = Debug|Any CPU
		{DC0B4377-C79A-49FF-9EE1-03179F4E8E40}.Debug|Mixed Platforms.ActiveCfg = Debug|Any CPU
		{DC0B4377-C79A-49FF-9EE1-03179F4E8E40}.Debug|Mixed Platforms.Build.0 = Debug|Any CPU
		{DC0B4377-C79A-49FF-9EE1-03179F4E8E40}.Debug|x86.ActiveCfg = Debug|Any CPU
		{DC0B4377-C79A-49FF-9EE1-03179F4E8E40}.Release|Any CPU.ActiveCfg = Release|Any CPU
		{DC0B4377-C79A-49FF-9EE1-03179F4E8E40}.Release|Any CPU.Build.0 = Release|Any CPU
		{DC0B4377-C79A-49FF-9EE1-03179F4E8E40}.Release|Mixed Platforms.ActiveCfg = Release|Any CPU
		{DC0B4377-C79A-49FF-9EE1-03179F4E8E40}.Release|Mixed Platforms.Build.0 = Release|Any CPU
		{DC0B4377-C79A-49FF-9EE1-03179F4E8E40}.Release|x86.ActiveCfg = Release|Any CPU
		{1B2C546A-6766-4805-A52C-4FDBCB9DFEFE}.Debug|Any CPU.ActiveCfg = Debug|Any CPU
		{1B2C546A-6766-4805-A52C-4FDBCB9DFEFE}.Debug|Any CPU.Build.0 = Debug|Any CPU
		{1B2C546A-6766-4805-A52C-4FDBCB9DFEFE}.Debug|Mixed Platforms.ActiveCfg = Debug|Any CPU
		{1B2C546A-6766-4805-A52C-4FDBCB9DFEFE}.Debug|Mixed Platforms.Build.0 = Debug|Any CPU
		{1B2C546A-6766-4805-A52C-4FDBCB9DFEFE}.Debug|x86.ActiveCfg = Debug|Any CPU
		{1B2C546A-6766-4805-A52C-4FDBCB9DFEFE}.Release|Any CPU.ActiveCfg = Release|Any CPU
		{1B2C546A-6766-4805-A52C-4FDBCB9DFEFE}.Release|Any CPU.Build.0 = Release|Any CPU
		{1B2C546A-6766-4805-A52C-4FDBCB9DFEFE}.Release|Mixed Platforms.ActiveCfg = Release|Any CPU
		{1B2C546A-6766-4805-A52C-4FDBCB9DFEFE}.Release|Mixed Platforms.Build.0 = Release|Any CPU
		{1B2C546A-6766-4805-A52C-4FDBCB9DFEFE}.Release|x86.ActiveCfg = Release|Any CPU
		{1F10563E-9802-40C3-A740-00B80479BD8E}.Debug|Any CPU.ActiveCfg = Debug|Any CPU
		{1F10563E-9802-40C3-A740-00B80479BD8E}.Debug|Any CPU.Build.0 = Debug|Any CPU
		{1F10563E-9802-40C3-A740-00B80479BD8E}.Debug|Mixed Platforms.ActiveCfg = Debug|Any CPU
		{1F10563E-9802-40C3-A740-00B80479BD8E}.Debug|Mixed Platforms.Build.0 = Debug|Any CPU
		{1F10563E-9802-40C3-A740-00B80479BD8E}.Debug|x86.ActiveCfg = Debug|Any CPU
		{1F10563E-9802-40C3-A740-00B80479BD8E}.Release|Any CPU.ActiveCfg = Release|Any CPU
		{1F10563E-9802-40C3-A740-00B80479BD8E}.Release|Any CPU.Build.0 = Release|Any CPU
		{1F10563E-9802-40C3-A740-00B80479BD8E}.Release|Mixed Platforms.ActiveCfg = Release|Any CPU
		{1F10563E-9802-40C3-A740-00B80479BD8E}.Release|Mixed Platforms.Build.0 = Release|Any CPU
		{1F10563E-9802-40C3-A740-00B80479BD8E}.Release|x86.ActiveCfg = Release|Any CPU
		{B9FE2028-5BB4-4FED-9D5F-724E5C79D041}.Debug|Any CPU.ActiveCfg = Debug|Any CPU
		{B9FE2028-5BB4-4FED-9D5F-724E5C79D041}.Debug|Any CPU.Build.0 = Debug|Any CPU
		{B9FE2028-5BB4-4FED-9D5F-724E5C79D041}.Debug|Mixed Platforms.ActiveCfg = Debug|Any CPU
		{B9FE2028-5BB4-4FED-9D5F-724E5C79D041}.Debug|Mixed Platforms.Build.0 = Debug|Any CPU
		{B9FE2028-5BB4-4FED-9D5F-724E5C79D041}.Debug|x86.ActiveCfg = Debug|Any CPU
		{B9FE2028-5BB4-4FED-9D5F-724E5C79D041}.Release|Any CPU.ActiveCfg = Release|Any CPU
		{B9FE2028-5BB4-4FED-9D5F-724E5C79D041}.Release|Any CPU.Build.0 = Release|Any CPU
		{B9FE2028-5BB4-4FED-9D5F-724E5C79D041}.Release|Mixed Platforms.ActiveCfg = Release|Any CPU
		{B9FE2028-5BB4-4FED-9D5F-724E5C79D041}.Release|Mixed Platforms.Build.0 = Release|Any CPU
		{B9FE2028-5BB4-4FED-9D5F-724E5C79D041}.Release|x86.ActiveCfg = Release|Any CPU
		{2AC2F5A4-599E-4754-8D8D-128431D98BF7}.Debug|Any CPU.ActiveCfg = Debug|Any CPU
		{2AC2F5A4-599E-4754-8D8D-128431D98BF7}.Debug|Any CPU.Build.0 = Debug|Any CPU
		{2AC2F5A4-599E-4754-8D8D-128431D98BF7}.Debug|Mixed Platforms.ActiveCfg = Debug|Any CPU
		{2AC2F5A4-599E-4754-8D8D-128431D98BF7}.Debug|Mixed Platforms.Build.0 = Debug|Any CPU
		{2AC2F5A4-599E-4754-8D8D-128431D98BF7}.Debug|x86.ActiveCfg = Debug|Any CPU
		{2AC2F5A4-599E-4754-8D8D-128431D98BF7}.Release|Any CPU.ActiveCfg = Release|Any CPU
		{2AC2F5A4-599E-4754-8D8D-128431D98BF7}.Release|Any CPU.Build.0 = Release|Any CPU
		{2AC2F5A4-599E-4754-8D8D-128431D98BF7}.Release|Mixed Platforms.ActiveCfg = Release|Any CPU
		{2AC2F5A4-599E-4754-8D8D-128431D98BF7}.Release|Mixed Platforms.Build.0 = Release|Any CPU
		{2AC2F5A4-599E-4754-8D8D-128431D98BF7}.Release|x86.ActiveCfg = Release|Any CPU
	EndGlobalSection
	GlobalSection(SolutionProperties) = preSolution
		HideSolutionNode = FALSE
	EndGlobalSection
	GlobalSection(NestedProjects) = preSolution
		{5CFDA0FD-9153-4D23-8947-FF968F1F9F87} = {0624ECDF-14A7-4E09-A89B-4D6C33B55657}
		{C2CEE3E5-070C-492A-884D-DF3D157DEC9E} = {0F183177-2262-49DE-84A8-789D0352B550}
		{1B2C546A-6766-4805-A52C-4FDBCB9DFEFE} = {0F183177-2262-49DE-84A8-789D0352B550}
		{16CC9482-411F-4344-9A34-32015DD2473E} = {2A207915-CE36-45EB-809B-05E25BDF4281}
		{1B7DCEEA-7391-47C3-86B6-A5B846D195F6} = {2A207915-CE36-45EB-809B-05E25BDF4281}
		{DC0B4377-C79A-49FF-9EE1-03179F4E8E40} = {5B46606A-8BC7-472F-9EB6-8C6045EC7729}
		{D315D451-2A94-4ED7-9480-3D9663D19B7B} = {5B46606A-8BC7-472F-9EB6-8C6045EC7729}
		{1F10563E-9802-40C3-A740-00B80479BD8E} = {5B46606A-8BC7-472F-9EB6-8C6045EC7729}
		{B9FE2028-5BB4-4FED-9D5F-724E5C79D041} = {5B46606A-8BC7-472F-9EB6-8C6045EC7729}
		{2AC2F5A4-599E-4754-8D8D-128431D98BF7} = {5B46606A-8BC7-472F-9EB6-8C6045EC7729}
	EndGlobalSection
EndGlobal
